
Microsoft Visual Studio Solution File, Format Version 12.00
# Visual Studio Version 17
VisualStudioVersion = 17.11.35327.3
MinimumVisualStudioVersion = 10.0.40219.1
Project("{9A19103F-16F7-4668-BE54-9A1E7A4F7556}") = "FTSS_API", "FTSS_API\FTSS_API.csproj", "{74AC2CE7-D8EC-479F-A81F-5C9C0D89CCEA}"
EndProject
Project("{9A19103F-16F7-4668-BE54-9A1E7A4F7556}") = "FTSS_Model", "FTSS_Model\FTSS_Model.csproj", "{BC9F74E5-AD62-4FB9-A40E-45F42C9CAE76}"
EndProject
Project("{9A19103F-16F7-4668-BE54-9A1E7A4F7556}") = "FTSS_Repository", "FTSS_Repository\FTSS_Repository.csproj", "{986B526C-E6E6-4A9B-B535-8A979229424E}"
EndProject
Global
	GlobalSection(SolutionConfigurationPlatforms) = preSolution
		Debug|Any CPU = Debug|Any CPU
		Release|Any CPU = Release|Any CPU
	EndGlobalSection
	GlobalSection(ProjectConfigurationPlatforms) = postSolution
		{74AC2CE7-D8EC-479F-A81F-5C9C0D89CCEA}.Debug|Any CPU.ActiveCfg = Debug|Any CPU
		{74AC2CE7-D8EC-479F-A81F-5C9C0D89CCEA}.Debug|Any CPU.Build.0 = Debug|Any CPU
		{74AC2CE7-D8EC-479F-A81F-5C9C0D89CCEA}.Release|Any CPU.ActiveCfg = Release|Any CPU
		{74AC2CE7-D8EC-479F-A81F-5C9C0D89CCEA}.Release|Any CPU.Build.0 = Release|Any CPU
		{BC9F74E5-AD62-4FB9-A40E-45F42C9CAE76}.Debug|Any CPU.ActiveCfg = Debug|Any CPU
		{BC9F74E5-AD62-4FB9-A40E-45F42C9CAE76}.Debug|Any CPU.Build.0 = Debug|Any CPU
		{BC9F74E5-AD62-4FB9-A40E-45F42C9CAE76}.Release|Any CPU.ActiveCfg = Release|Any CPU
		{BC9F74E5-AD62-4FB9-A40E-45F42C9CAE76}.Release|Any CPU.Build.0 = Release|Any CPU
		{986B526C-E6E6-4A9B-B535-8A979229424E}.Debug|Any CPU.ActiveCfg = Debug|Any CPU
		{986B526C-E6E6-4A9B-B535-8A979229424E}.Debug|Any CPU.Build.0 = Debug|Any CPU
		{986B526C-E6E6-4A9B-B535-8A979229424E}.Release|Any CPU.ActiveCfg = Release|Any CPU
		{986B526C-E6E6-4A9B-B535-8A979229424E}.Release|Any CPU.Build.0 = Release|Any CPU
	EndGlobalSection
	GlobalSection(SolutionProperties) = preSolution
		HideSolutionNode = FALSE
	EndGlobalSection
EndGlobal
